# THIS IS AN AUTOGENERATED FILE. DO NOT EDIT THIS FILE DIRECTLY.
# yarn lockfile v1


"@babel/helper-plugin-utils@^7.10.4":
  version "7.10.4"
  resolved "https://registry.yarnpkg.com/@babel/helper-plugin-utils/-/helper-plugin-utils-7.10.4.tgz#2f75a831269d4f677de49986dff59927533cf375"
  integrity sha512-O4KCvQA6lLiMU9l2eawBPMf1xPP8xPfB3iEQw150hOVTqj/rfXz0ThTb4HEzqQfs2Bmo5Ay8BzxfzVtBrr9dVg==

"@babel/plugin-proposal-export-default-from@^7.12.1":
  version "7.12.1"
  resolved "https://registry.yarnpkg.com/@babel/plugin-proposal-export-default-from/-/plugin-proposal-export-default-from-7.12.1.tgz#c6e62d668a8abcfe0d28b82f560395fecb611c5a"
  integrity sha512-z5Q4Ke7j0AexQRfgUvnD+BdCSgpTEKnqQ3kskk2jWtOBulxICzd1X9BGt7kmWftxZ2W3++OZdt5gtmC8KLxdRQ==
  dependencies:
    "@babel/helper-plugin-utils" "^7.10.4"
    "@babel/plugin-syntax-export-default-from" "^7.12.1"

"@babel/plugin-syntax-export-default-from@^7.12.1":
  version "7.12.1"
  resolved "https://registry.yarnpkg.com/@babel/plugin-syntax-export-default-from/-/plugin-syntax-export-default-from-7.12.1.tgz#a9eb31881f4f9a1115a3d2c6d64ac3f6016b5a9d"
  integrity sha512-dP5eGg6tHEkhnRD2/vRG/KJKRSg8gtxu2i+P/8/yFPJn/CfPU5G0/7Gks2i3M6IOVAPQekmsLN9LPsmXFFL4Uw==
  dependencies:
    "@babel/helper-plugin-utils" "^7.10.4"

"@babel/runtime@^7.12.5":
  version "7.12.5"
  resolved "https://registry.yarnpkg.com/@babel/runtime/-/runtime-7.12.5.tgz#410e7e487441e1b360c29be715d870d9b985882e"
  integrity sha512-plcc+hbExy3McchJCEQG3knOsuh3HH+Prx1P6cLIkET/0dLuQDEnrT+s27Axgc9bqfsmNUNHfscgMUdBpC9xfg==
  dependencies:
    regenerator-runtime "^0.13.4"

"@testing-library/react-hooks@^5.0.0":
  version "5.0.0"
  resolved "https://registry.yarnpkg.com/@testing-library/react-hooks/-/react-hooks-5.0.0.tgz#994af047a94c7ed04b34920f70b3fd017e9976cd"
  integrity sha512-c/wvcz/Set+KOvbi07EQO7tujsUIp5HnNAygJoSpMTVkIDcp7JtSemhjRDg1WL6Qsw076inWobTKCepK3mgi8A==
  dependencies:
    "@babel/runtime" "^7.12.5"
    "@types/react" ">=16.9.0"
    "@types/react-dom" ">=16.9.0"
    "@types/react-test-renderer" ">=16.9.0"
    filter-console "^0.1.1"
    react-error-boundary "^3.1.0"

"@types/prop-types@*":
  version "15.7.3"
  resolved "https://registry.yarnpkg.com/@types/prop-types/-/prop-types-15.7.3.tgz#2ab0d5da2e5815f94b0b9d4b95d1e5f243ab2ca7"
  integrity sha512-KfRL3PuHmqQLOG+2tGpRO26Ctg+Cq1E01D2DMriKEATHgWLfeNDmq9e29Q9WIky0dQ3NPkd1mzYH8Lm936Z9qw==

"@types/react-dom@>=16.9.0":
  version "17.0.0"
  resolved "https://registry.yarnpkg.com/@types/react-dom/-/react-dom-17.0.0.tgz#b3b691eb956c4b3401777ee67b900cb28415d95a"
  integrity sha512-lUqY7OlkF/RbNtD5nIq7ot8NquXrdFrjSOR6+w9a9RFQevGi1oZO1dcJbXMeONAPKtZ2UrZOEJ5UOCVsxbLk/g==
  dependencies:
    "@types/react" "*"

"@types/react-test-renderer@>=16.9.0":
  version "17.0.0"
  resolved "https://registry.yarnpkg.com/@types/react-test-renderer/-/react-test-renderer-17.0.0.tgz#9be47b375eeb906fced37049e67284a438d56620"
  integrity sha512-nvw+F81OmyzpyIE1S0xWpLonLUZCMewslPuA8BtjSKc5XEbn8zEQBXS7KuOLHTNnSOEM2Pum50gHOoZ62tqTRg==
  dependencies:
    "@types/react" "*"

"@types/react@*", "@types/react@>=16.9.0":
  version "17.0.0"
  resolved "https://registry.yarnpkg.com/@types/react/-/react-17.0.0.tgz#5af3eb7fad2807092f0046a1302b7823e27919b8"
  integrity sha512-aj/L7RIMsRlWML3YB6KZiXB3fV2t41+5RBGYF8z+tAKU43Px8C3cYUZsDvf1/+Bm4FK21QWBrDutu8ZJ/70qOw==
  dependencies:
    "@types/prop-types" "*"
    csstype "^3.0.2"

csstype@^3.0.2:
  version "3.0.6"
  resolved "https://registry.yarnpkg.com/csstype/-/csstype-3.0.6.tgz#865d0b5833d7d8d40f4e5b8a6d76aea3de4725ef"
  integrity sha512-+ZAmfyWMT7TiIlzdqJgjMb7S4f1beorDbWbsocyK4RaiqA5RTX3K14bnBWmmA9QEM0gRdsjyyrEmcyga8Zsxmw==

filter-console@^0.1.1:
  version "0.1.1"
  resolved "https://registry.yarnpkg.com/filter-console/-/filter-console-0.1.1.tgz#6242be28982bba7415bcc6db74a79f4a294fa67c"
  integrity sha512-zrXoV1Uaz52DqPs+qEwNJWJFAWZpYJ47UNmpN9q4j+/EYsz85uV0DC9k8tRND5kYmoVzL0W+Y75q4Rg8sRJCdg==

"js-tokens@^3.0.0 || ^4.0.0":
  version "4.0.0"
  resolved "https://registry.yarnpkg.com/js-tokens/-/js-tokens-4.0.0.tgz#19203fb59991df98e3a287050d4647cdeaf32499"
  integrity sha512-RdJUflcE3cUzKiMqQgsCu06FPu9UdIJO0beYbPhHN4k6apgJtifcoCtT9bcxOpYBtpD2kCM6Sbzg4CausW/PKQ==

loose-envify@^1.1.0, loose-envify@^1.4.0:
  version "1.4.0"
  resolved "https://registry.yarnpkg.com/loose-envify/-/loose-envify-1.4.0.tgz#71ee51fa7be4caec1a63839f7e682d8132d30caf"
  integrity sha512-lyuxPGr/Wfhrlem2CL/UcnUc1zcqKAImBDzukY7Y5F/yQiNdko6+fRLevlw1HgMySw7f611UIY408EtxRSoK3Q==
  dependencies:
    js-tokens "^3.0.0 || ^4.0.0"

object-assign@^4.1.1:
  version "4.1.1"
  resolved "https://registry.yarnpkg.com/object-assign/-/object-assign-4.1.1.tgz#2109adc7965887cfc05cbbd442cac8bfbb360863"
  integrity sha1-IQmtx5ZYh8/AXLvUQsrIv7s2CGM=

prop-types@^15.6.2:
  version "15.7.2"
  resolved "https://registry.yarnpkg.com/prop-types/-/prop-types-15.7.2.tgz#52c41e75b8c87e72b9d9360e0206b99dcbffa6c5"
  integrity sha512-8QQikdH7//R2vurIJSutZ1smHYTcLpRWEOlHnzcWHmBYrOGUysKwSsrC89BCiFj3CbrfJ/nXFdJepOVrY1GCHQ==
  dependencies:
    loose-envify "^1.4.0"
    object-assign "^4.1.1"
    react-is "^16.8.1"

react-error-boundary@^3.1.0:
  version "3.1.0"
  resolved "https://registry.yarnpkg.com/react-error-boundary/-/react-error-boundary-3.1.0.tgz#9487443df2f9ba1db90d8ab52351814907ea4af3"
  integrity sha512-lmPrdi5SLRJR+AeJkqdkGlW/CRkAUvZnETahK58J4xb5wpbfDngasEGu+w0T1iXEhVrYBJZeW+c4V1hILCnMWQ==
  dependencies:
    "@babel/runtime" "^7.12.5"

"react-is@^16.12.0 || ^17.0.0", react-is@^17.0.1:
  version "17.0.1"
  resolved "https://registry.yarnpkg.com/react-is/-/react-is-17.0.1.tgz#5b3531bd76a645a4c9fb6e693ed36419e3301339"
  integrity sha512-NAnt2iGDXohE5LI7uBnLnqvLQMtzhkiAOLXTmv+qnF9Ky7xAPcX8Up/xWIhxvLVGJvuLiNc4xQLtuqDRzb4fSA==

react-is@^16.8.1:
  version "16.13.1"
  resolved "https://registry.yarnpkg.com/react-is/-/react-is-16.13.1.tgz#789729a4dc36de2999dc156dd6c1d9c18cea56a4"
  integrity sha512-24e6ynE2H+OKt4kqsOvNd8kBpV65zoxbA4BVsEOB3ARVWQki/DHzaUoC5KuON/BiccDaCCTZBuOcfZs70kR8bQ==

react-shallow-renderer@^16.13.1:
  version "16.14.1"
  resolved "https://registry.yarnpkg.com/react-shallow-renderer/-/react-shallow-renderer-16.14.1.tgz#bf0d02df8a519a558fd9b8215442efa5c840e124"
  integrity sha512-rkIMcQi01/+kxiTE9D3fdS959U1g7gs+/rborw++42m1O9FAQiNI/UNRZExVUoAOprn4umcXf+pFRou8i4zuBg==
  dependencies:
    object-assign "^4.1.1"
    react-is "^16.12.0 || ^17.0.0"

react-test-renderer@^17.0.1:
  version "17.0.1"
  resolved "https://registry.yarnpkg.com/react-test-renderer/-/react-test-renderer-17.0.1.tgz#3187e636c3063e6ae498aedf21ecf972721574c7"
  integrity sha512-/dRae3mj6aObwkjCcxZPlxDFh73XZLgvwhhyON2haZGUEhiaY5EjfAdw+d/rQmlcFwdTpMXCSGVk374QbCTlrA==
  dependencies:
    object-assign "^4.1.1"
    react-is "^17.0.1"
    react-shallow-renderer "^16.13.1"
    scheduler "^0.20.1"

react@^16.13.1:
  version "16.13.1"
  resolved "https://registry.yarnpkg.com/react/-/react-16.13.1.tgz#2e818822f1a9743122c063d6410d85c1e3afe48e"
  integrity sha512-YMZQQq32xHLX0bz5Mnibv1/LHb3Sqzngu7xstSM+vrkE5Kzr9xE0yMByK5kMoTK30YVJE61WfbxIFFvfeDKT1w==
  dependencies:
    loose-envify "^1.1.0"
    object-assign "^4.1.1"
    prop-types "^15.6.2"

regenerator-runtime@^0.13.4:
  version "0.13.7"
  resolved "https://registry.yarnpkg.com/regenerator-runtime/-/regenerator-runtime-0.13.7.tgz#cac2dacc8a1ea675feaabaeb8ae833898ae46f55"
  integrity sha512-a54FxoJDIr27pgf7IgeQGxmqUNYrcV338lf/6gH456HZ/PhX+5BcwHXG9ajESmwe6WRO0tAzRUrRmNONWgkrew==

scheduler@^0.20.1:
  version "0.20.1"
  resolved "https://registry.yarnpkg.com/scheduler/-/scheduler-0.20.1.tgz#da0b907e24026b01181ecbc75efdc7f27b5a000c"
  integrity sha512-LKTe+2xNJBNxu/QhHvDR14wUXHRQbVY5ZOYpOGWRzhydZUqrLb2JBvLPY7cAqFmqrWuDED0Mjk7013SZiOz6Bw==
  dependencies:
    loose-envify "^1.1.0"
    object-assign "^4.1.1"
