# THIS IS AN AUTOGENERATED FILE. DO NOT EDIT THIS FILE DIRECTLY.
# yarn lockfile v1


"@birchill/json-equalish@^1.1.0":
  version "1.1.0"
  resolved "https://registry.yarnpkg.com/@birchill/json-equalish/-/json-equalish-1.1.0.tgz#cb01ac1ef032209ada516b6a4bf3d7a2306e972d"
  integrity sha512-p6XZQQVTsqRh5wYg3Rf4EWuynWANMupIHykDS373RSVPzSJiZ2ID9gRvQs7/MZKdW7Ejaw587WLGV8C+wSitzw==
